
Microsoft Visual Studio Solution File, Format Version 12.00
# Visual Studio Version 17
VisualStudioVersion = 17.0.32112.339
MinimumVisualStudioVersion = 10.0.40219.1
Project("{E24C65DC-7377-472B-9ABA-BC803B73C61A}") = "HTML_DESIGN", "HTML_DESIGN\", "{D192579D-88F6-4AC3-A7B7-8FE3A43F1E53}"
	ProjectSection(WebsiteProperties) = preProject
		TargetFrameworkMoniker = ".NETFramework,Version%3Dv4.5"
		Debug.AspNetCompiler.VirtualPath = "/localhost_52167"
		Debug.AspNetCompiler.PhysicalPath = "HTML_DESIGN\"
		Debug.AspNetCompiler.TargetPath = "PrecompiledWeb\localhost_52167\"
		Debug.AspNetCompiler.Updateable = "true"
		Debug.AspNetCompiler.ForceOverwrite = "true"
		Debug.AspNetCompiler.FixedNames = "false"
		Debug.AspNetCompiler.Debug = "True"
		Release.AspNetCompiler.VirtualPath = "/localhost_52167"
		Release.AspNetCompiler.PhysicalPath = "HTML_DESIGN\"
		Release.AspNetCompiler.TargetPath = "PrecompiledWeb\localhost_52167\"
		Release.AspNetCompiler.Updateable = "true"
		Release.AspNetCompiler.ForceOverwrite = "true"
		Release.AspNetCompiler.FixedNames = "false"
		Release.AspNetCompiler.Debug = "False"
		VWDPort = "52167"
		SlnRelativePath = "HTML_DESIGN\"
	EndProjectSection
EndProject
Global
	GlobalSection(SolutionConfigurationPlatforms) = preSolution
		Debug|Any CPU = Debug|Any CPU
		Release|Any CPU = Release|Any CPU
	EndGlobalSection
	GlobalSection(ProjectConfigurationPlatforms) = postSolution
		{D192579D-88F6-4AC3-A7B7-8FE3A43F1E53}.Debug|Any CPU.ActiveCfg = Debug|Any CPU
		{D192579D-88F6-4AC3-A7B7-8FE3A43F1E53}.Debug|Any CPU.Build.0 = Debug|Any CPU
		{D192579D-88F6-4AC3-A7B7-8FE3A43F1E53}.Release|Any CPU.ActiveCfg = Debug|Any CPU
		{D192579D-88F6-4AC3-A7B7-8FE3A43F1E53}.Release|Any CPU.Build.0 = Debug|Any CPU
	EndGlobalSection
	GlobalSection(SolutionProperties) = preSolution
		HideSolutionNode = FALSE
	EndGlobalSection
	GlobalSection(ExtensibilityGlobals) = postSolution
		SolutionGuid = {C0BACBEB-5A50-4BB3-9B61-619BB1BB98DE}
	EndGlobalSection
EndGlobal
